
Microsoft Visual Studio Solution File, Format Version 12.00
# Visual Studio Version 18
VisualStudioVersion = 18.4.11620.152 stable
MinimumVisualStudioVersion = 10.0.40219.1
Project("{FAE04EC0-301F-11D3-BF4B-00C04F79EFBC}") = "InsuranceClaims", "InsuranceClaims.csproj", "{B3B20428-8DCF-F982-CC12-DA8B7D822E83}"
EndProject
Global
	GlobalSection(SolutionConfigurationPlatforms) = preSolution
		Debug|Any CPU = Debug|Any CPU
		Release|Any CPU = Release|Any CPU
	EndGlobalSection
	GlobalSection(ProjectConfigurationPlatforms) = postSolution
		{B3B20428-8DCF-F982-CC12-DA8B7D822E83}.Debug|Any CPU.ActiveCfg = Debug|Any CPU
		{B3B20428-8DCF-F982-CC12-DA8B7D822E83}.Debug|Any CPU.Build.0 = Debug|Any CPU
		{B3B20428-8DCF-F982-CC12-DA8B7D822E83}.Release|Any CPU.ActiveCfg = Release|Any CPU
		{B3B20428-8DCF-F982-CC12-DA8B7D822E83}.Release|Any CPU.Build.0 = Release|Any CPU
	EndGlobalSection
	GlobalSection(SolutionProperties) = preSolution
		HideSolutionNode = FALSE
	EndGlobalSection
	GlobalSection(ExtensibilityGlobals) = postSolution
		SolutionGuid = {3F2BF615-775D-4B71-94F4-65D385D83984}
	EndGlobalSection
EndGlobal
